
Microsoft Visual Studio Solution File, Format Version 12.00
# Visual Studio Version 17
VisualStudioVersion = 17.14.36518.9 d17.14
MinimumVisualStudioVersion = 10.0.40219.1
Project("{FAE04EC0-301F-11D3-BF4B-00C04F79EFBC}") = "in-tend_product_shop_cart_sampl", "in-tend_product_shop_cart_sampl\in-tend_product_shop_cart_sampl.csproj", "{C0ADA0F6-D33F-4359-A1E8-3DA38FF5F069}"
EndProject
Global
	GlobalSection(SolutionConfigurationPlatforms) = preSolution
		Debug|Any CPU = Debug|Any CPU
		Release|Any CPU = Release|Any CPU
	EndGlobalSection
	GlobalSection(ProjectConfigurationPlatforms) = postSolution
		{C0ADA0F6-D33F-4359-A1E8-3DA38FF5F069}.Debug|Any CPU.ActiveCfg = Debug|Any CPU
		{C0ADA0F6-D33F-4359-A1E8-3DA38FF5F069}.Debug|Any CPU.Build.0 = Debug|Any CPU
		{C0ADA0F6-D33F-4359-A1E8-3DA38FF5F069}.Release|Any CPU.ActiveCfg = Release|Any CPU
		{C0ADA0F6-D33F-4359-A1E8-3DA38FF5F069}.Release|Any CPU.Build.0 = Release|Any CPU
	EndGlobalSection
	GlobalSection(SolutionProperties) = preSolution
		HideSolutionNode = FALSE
	EndGlobalSection
	GlobalSection(ExtensibilityGlobals) = postSolution
		SolutionGuid = {5427E59D-1A08-468F-A758-2583E519D989}
	EndGlobalSection
EndGlobal
